schema: '2.0'
stages:
  preprocess:
    cmd: uv run python -m techchallenge_fase2.pipelines.preprocess
    deps:
    - path: data/raw/events.csv
      hash: md5
      md5: 7a5f2fe16a57c0ce694036f0bb526664
      size: 27374
    - path: src/techchallenge_fase2/pipelines/config.py
      hash: md5
      md5: b8d993bca8a448b5524eddfb4a719dd2
      size: 4202
    - path: src/techchallenge_fase2/pipelines/preprocess.py
      hash: md5
      md5: 2ac8bdd6b30ceff7f327b6f356ff3dfa
      size: 2931
    params:
      params.yaml:
        features.event_weights:
          view: 1.0
          addtocart: 3.0
          transaction: 5.0
        paths.processed_interactions: data/processed/interactions.parquet
        paths.raw_events: data/raw/events.csv
        preprocess.random_seed: 42
        preprocess.sample_size: 200000
    outs:
    - path: data/processed/interactions.parquet
      hash: md5
      md5: 8930baa1a901f6b280b63d879c1fa484
      size: 20090
  feature_eng:
    cmd: uv run python -m techchallenge_fase2.pipelines.features
    deps:
    - path: data/processed/interactions.parquet
      hash: md5
      md5: 8930baa1a901f6b280b63d879c1fa484
      size: 20090
    - path: src/techchallenge_fase2/pipelines/config.py
      hash: md5
      md5: b8d993bca8a448b5524eddfb4a719dd2
      size: 4202
    - path: src/techchallenge_fase2/pipelines/features.py
      hash: md5
      md5: a0d4865ccd1010ef20b16f1a1916b171
      size: 6655
    - path: src/techchallenge_fase2/pipelines/splits.py
      hash: md5
      md5: 5db0b61024e1725bdaf3d58d51547442
      size: 12303
    params:
      params.yaml:
        features.session_gap_minutes: 30
        features.train_ratio: 0.7
        features.validation_ratio: 0.15
        paths.dataset_stats: data/features/dataset_stats.json
        paths.mappings: data/features/mappings.json
        paths.test_features: data/features/test.parquet
        paths.train_features: data/features/train.parquet
        paths.validation_features: data/features/validation.parquet
    outs:
    - path: data/features/dataset_stats.json
      hash: md5
      md5: 04bfca217e62f067696a44a1d967e6e2
      size: 99
    - path: data/features/mappings.json
      hash: md5
      md5: 25ef49bc23ec54acdd2e389174f9bfbd
      size: 1222
    - path: data/features/test.parquet
      hash: md5
      md5: 44079b1630d63f4778225d186ed99222
      size: 9810
    - path: data/features/train.parquet
      hash: md5
      md5: 750532576dcb0835a10a2d0f1a0a1fef
      size: 19800
    - path: data/features/validation.parquet
      hash: md5
      md5: 2792c6a05cf483eff0e145bf06cd774f
      size: 9831
  train:
    cmd: uv run python -m techchallenge_fase2.pipelines.training
    deps:
    - path: data/features/mappings.json
      hash: md5
      md5: 25ef49bc23ec54acdd2e389174f9bfbd
      size: 1222
    - path: data/features/train.parquet
      hash: md5
      md5: 750532576dcb0835a10a2d0f1a0a1fef
      size: 19800
    - path: data/features/validation.parquet
      hash: md5
      md5: 2792c6a05cf483eff0e145bf06cd774f
      size: 9831
    - path: src/techchallenge_fase2/data/__init__.py
      hash: md5
      md5: f8078b820a388d9135e55e960513baf9
      size: 7566
    - path: src/techchallenge_fase2/models/config.py
      hash: md5
      md5: 6c19f9d2fdb51713701c0f513aedfa95
      size: 5724
    - path: src/techchallenge_fase2/models/factory.py
      hash: md5
      md5: ef10b6f0ca50179ad319e6811867b67e
      size: 5563
    - path: src/techchallenge_fase2/models/ncf.py
      hash: md5
      md5: 1f162cee66582e21dd6658fade187c17
      size: 15138
    - path: src/techchallenge_fase2/pipelines/config.py
      hash: md5
      md5: b8d993bca8a448b5524eddfb4a719dd2
      size: 4202
    - path: src/techchallenge_fase2/pipelines/training.py
      hash: md5
      md5: 518b17a718929a19cb09c1b372a72ca3
      size: 15382
    - path: src/techchallenge_fase2/training/__init__.py
      hash: md5
      md5: cf4c16f92f163169e2777d98f79ce8e2
      size: 2169
    - path: src/techchallenge_fase2/training/checkpoint.py
      hash: md5
      md5: 14e159795683945333c089d4249f7587
      size: 2782
    - path: src/techchallenge_fase2/training/early_stopping.py
      hash: md5
      md5: 7467f75626a5aca0d8a05a5ba8ca973e
      size: 2974
    - path: src/techchallenge_fase2/training/trainer.py
      hash: md5
      md5: 9945c20d41669bd8a8a84bed2dc7ce57
      size: 6247
    params:
      params.yaml:
        evaluation.top_k: 5
        paths.checkpoint_dir: models/checkpoints
        paths.model_checkpoint: models/torch_embedding_recommender.pt
        training.batch_size: 512
        training.embedding_dim: 32
        training.epochs: 10
        training.learning_rate: 0.001
        training.min_delta: 0.0001
        training.negative_samples: 1
        training.patience: 3
        training.random_seed: 42
    outs:
    - path: models/checkpoints/
      hash: md5
      md5: c78726879fae6c6a8b272d6aac6db219.dir
      size: 397946
      nfiles: 2
    - path: models/torch_embedding_recommender.pt
      hash: md5
      md5: 34d95d5e5d4a48773b199a4af33996f6
      size: 100839
  evaluate:
    cmd: uv run python -m techchallenge_fase2.pipelines.evaluation
    deps:
    - path: data/features/test.parquet
      hash: md5
      md5: 44079b1630d63f4778225d186ed99222
      size: 9810
    - path: data/features/train.parquet
      hash: md5
      md5: 750532576dcb0835a10a2d0f1a0a1fef
      size: 19800
    - path: models/torch_embedding_recommender.pt
      hash: md5
      md5: 34d95d5e5d4a48773b199a4af33996f6
      size: 100839
    - path: src/techchallenge_fase2/models/ncf.py
      hash: md5
      md5: 1f162cee66582e21dd6658fade187c17
      size: 15138
    - path: src/techchallenge_fase2/pipelines/config.py
      hash: md5
      md5: b8d993bca8a448b5524eddfb4a719dd2
      size: 4202
    - path: src/techchallenge_fase2/pipelines/evaluation.py
      hash: md5
      md5: 67b8a64f777ef4e1d53defb73fc27e52
      size: 11448
    - path: src/techchallenge_fase2/pipelines/splits.py
      hash: md5
      md5: 5db0b61024e1725bdaf3d58d51547442
      size: 12303
    - path: src/techchallenge_fase2/training/metrics.py
      hash: md5
      md5: 8bfc0104f9660a26992d8d3eea433c6a
      size: 9977
    params:
      params.yaml:
        evaluation.max_users: 200
        evaluation.top_k: 5
        paths.metrics: metrics/recommendation_metrics.json
    outs:
    - path: metrics/recommendation_metrics.json
      hash: md5
      md5: f5fa1eb3607e35b9c6946dc72741e9ee
      size: 202
