schema: '2.0'
stages:
  preprocess:
    cmd: uv run python -m techchallenge_fase2.pipeline.preprocess
    deps:
    - path: data/raw/events.csv
      hash: md5
      md5: fddaf7c1c6a9df23a726500a08ffdd7e
      size: 94237913
    - path: src/techchallenge_fase2/pipeline/config.py
      hash: md5
      md5: b8d993bca8a448b5524eddfb4a719dd2
      size: 4202
    - path: src/techchallenge_fase2/pipeline/preprocess.py
      hash: md5
      md5: ba3d4bfdc08e5a83133c4965ba9732e6
      size: 2930
    params:
      params.yaml:
        features.event_weights:
          view: 1.0
          addtocart: 3.0
          transaction: 5.0
        paths.processed_interactions: data/processed/interactions.parquet
        paths.raw_events: data/raw/events.csv
        preprocess.random_seed: 42
        preprocess.sample_size: 50000
    outs:
    - path: data/processed/interactions.parquet
      hash: md5
      md5: c839daafcc81f3951fac45ad8e918dc2
      size: 1559709
  feature_eng:
    cmd: uv run python -m techchallenge_fase2.pipeline.features
    deps:
    - path: data/processed/interactions.parquet
      hash: md5
      md5: c839daafcc81f3951fac45ad8e918dc2
      size: 1559709
    - path: src/techchallenge_fase2/pipeline/config.py
      hash: md5
      md5: b8d993bca8a448b5524eddfb4a719dd2
      size: 4202
    - path: src/techchallenge_fase2/pipeline/features.py
      hash: md5
      md5: a8accb30e19702c9917ee7e57d8493b4
      size: 5859
    params:
      params.yaml:
        features.session_gap_minutes: 30
        features.train_ratio: 0.7
        features.validation_ratio: 0.15
        paths.dataset_stats: data/features/dataset_stats.json
        paths.mappings: data/features/mappings.json
        paths.test_features: data/features/test.parquet
        paths.train_features: data/features/train.parquet
        paths.validation_features: data/features/validation.parquet
    outs:
    - path: data/features/dataset_stats.json
      hash: md5
      md5: 89a29f2ef843291cbd459206d2a058af
      size: 109
    - path: data/features/mappings.json
      hash: md5
      md5: 91b4736ef85187c5e44b14ac61eb6910
      size: 1075380
    - path: data/features/test.parquet
      hash: md5
      md5: 8a72dd6a94860d58a745140379e4f0bb
      size: 387770
    - path: data/features/train.parquet
      hash: md5
      md5: 1d7e0527d91cde572c453ccfcda13e79
      size: 1771694
    - path: data/features/validation.parquet
      hash: md5
      md5: ee16b68a7bd6cd956d7d78da849ef8ba
      size: 388057
  train:
    cmd: uv run python -m techchallenge_fase2.pipeline.training
    deps:
    - path: data/features/mappings.json
      hash: md5
      md5: 91b4736ef85187c5e44b14ac61eb6910
      size: 1075380
    - path: data/features/train.parquet
      hash: md5
      md5: 1d7e0527d91cde572c453ccfcda13e79
      size: 1771694
    - path: data/features/validation.parquet
      hash: md5
      md5: ee16b68a7bd6cd956d7d78da849ef8ba
      size: 388057
    - path: src/techchallenge_fase2/data/__init__.py
      hash: md5
      md5: f8078b820a388d9135e55e960513baf9
      size: 7566
    - path: src/techchallenge_fase2/models/config.py
      hash: md5
      md5: 5c67aca4c7af543ac366c472d4b1db03
      size: 2737
    - path: src/techchallenge_fase2/models/factory.py
      hash: md5
      md5: 7f20a091aefb4d5878f9ef7ce7cbb76b
      size: 4080
    - path: src/techchallenge_fase2/models/ncf.py
      hash: md5
      md5: 849fb81fc892623a2a2eba132192731c
      size: 6527
    - path: src/techchallenge_fase2/pipeline/config.py
      hash: md5
      md5: b8d993bca8a448b5524eddfb4a719dd2
      size: 4202
    - path: src/techchallenge_fase2/pipeline/training.py
      hash: md5
      md5: ab84f79809e3ec92ebdd954d915c2ed4
      size: 8460
    - path: src/techchallenge_fase2/training/__init__.py
      hash: md5
      md5: b4d56264949c0bbe06b1b701d4eed24e
      size: 680
    - path: src/techchallenge_fase2/training/checkpoint.py
      hash: md5
      md5: 14e159795683945333c089d4249f7587
      size: 2782
    - path: src/techchallenge_fase2/training/early_stopping.py
      hash: md5
      md5: 7467f75626a5aca0d8a05a5ba8ca973e
      size: 2974
    - path: src/techchallenge_fase2/training/trainer.py
      hash: md5
      md5: 9945c20d41669bd8a8a84bed2dc7ce57
      size: 6247
    params:
      params.yaml:
        evaluation.top_k: 5
        paths.checkpoint_dir: models/checkpoints
        paths.model_checkpoint: models/torch_embedding_recommender.pt
        training.batch_size: 512
        training.embedding_dim: 32
        training.epochs: 2
        training.learning_rate: 0.001
        training.min_delta: 0.0001
        training.negative_samples: 1
        training.patience: 3
        training.random_seed: 42
    outs:
    - path: models/checkpoints/
      hash: md5
      md5: 2cf51d4e5a0c9f41c9841ac8a7190317.dir
      size: 78825146
      nfiles: 2
    - path: models/torch_embedding_recommender.pt
      hash: md5
      md5: 5657b88315198fa31a69b23a22b5b2c9
      size: 19707623
  evaluate:
    cmd: uv run python -m techchallenge_fase2.pipeline.evaluation
    deps:
    - path: data/features/test.parquet
      hash: md5
      md5: 8a72dd6a94860d58a745140379e4f0bb
      size: 387770
    - path: data/features/train.parquet
      hash: md5
      md5: 1d7e0527d91cde572c453ccfcda13e79
      size: 1771694
    - path: models/torch_embedding_recommender.pt
      hash: md5
      md5: 5657b88315198fa31a69b23a22b5b2c9
      size: 19707623
    - path: src/techchallenge_fase2/models/ncf.py
      hash: md5
      md5: 849fb81fc892623a2a2eba132192731c
      size: 6527
    - path: src/techchallenge_fase2/pipeline/config.py
      hash: md5
      md5: b8d993bca8a448b5524eddfb4a719dd2
      size: 4202
    - path: src/techchallenge_fase2/pipeline/evaluation.py
      hash: md5
      md5: fd747d3659a172dae644d3588ff9c9c7
      size: 7500
    - path: src/techchallenge_fase2/pipeline/metrics.py
      hash: md5
      md5: d5c12bcbebe3ec59975a330c41c0d103
      size: 2304
    params:
      params.yaml:
        evaluation.max_users: 200
        evaluation.top_k: 5
        paths.metrics: metrics/recommendation_metrics.json
    outs:
    - path: metrics/recommendation_metrics.json
      hash: md5
      md5: 0064ec59bb958d72479c8e92eab04393
      size: 139
